
Microsoft Visual Studio Solution File, Format Version 12.00
# Visual Studio 15
VisualStudioVersion = 15.0.27130.2027
MinimumVisualStudioVersion = 10.0.40219.1
Project("{FAE04EC0-301F-11D3-BF4B-00C04F79EFBC}") = "FloatingYOtube", "FloatingYOtube\FloatingYOtube.csproj", "{DC32F941-4ECE-480C-B3F8-DCE642C0B67E}"
EndProject
Global
	GlobalSection(SolutionConfigurationPlatforms) = preSolution
		Debug|Any CPU = Debug|Any CPU
		Release|Any CPU = Release|Any CPU
	EndGlobalSection
	GlobalSection(ProjectConfigurationPlatforms) = postSolution
		{DC32F941-4ECE-480C-B3F8-DCE642C0B67E}.Debug|Any CPU.ActiveCfg = Debug|Any CPU
		{DC32F941-4ECE-480C-B3F8-DCE642C0B67E}.Debug|Any CPU.Build.0 = Debug|Any CPU
		{DC32F941-4ECE-480C-B3F8-DCE642C0B67E}.Release|Any CPU.ActiveCfg = Release|Any CPU
		{DC32F941-4ECE-480C-B3F8-DCE642C0B67E}.Release|Any CPU.Build.0 = Release|Any CPU
	EndGlobalSection
	GlobalSection(SolutionProperties) = preSolution
		HideSolutionNode = FALSE
	EndGlobalSection
	GlobalSection(ExtensibilityGlobals) = postSolution
		SolutionGuid = {36397E9D-D550-480C-A16A-B46C22E2DEDB}
	EndGlobalSection
EndGlobal
